// !$*UTF8*$!
{
	archiveVersion = 1;
	classes = {
	};
	objectVersion = 50;
	objects = {

/* Begin PBXBuildFile section */
		3D8E79512649FF75009BFE91 /* AppDelegate.m in Sources */ = {isa = PBXBuildFile; fileRef = 3D8E79502649FF75009BFE91 /* AppDelegate.m */; };
		3D8E79532649FF77009BFE91 /* Assets.xcassets in Resources */ = {isa = PBXBuildFile; fileRef = 3D8E79522649FF77009BFE91 /* Assets.xcassets */; };
		3D8E79562649FF77009BFE91 /* MainMenu.xib in Resources */ = {isa = PBXBuildFile; fileRef = 3D8E79542649FF77009BFE91 /* MainMenu.xib */; };
		3D8E79592649FF77009BFE91 /* main.m in Sources */ = {isa = PBXBuildFile; fileRef = 3D8E79582649FF77009BFE91 /* main.m */; };
		3D8E79642649FF77009BFE91 /* ProcessListTests.m in Sources */ = {isa = PBXBuildFile; fileRef = 3D8E79632649FF77009BFE91 /* ProcessListTests.m */; };
		3D8E796F2649FF77009BFE91 /* ProcessListUITests.m in Sources */ = {isa = PBXBuildFile; fileRef = 3D8E796E2649FF77009BFE91 /* ProcessListUITests.m */; };
		3D8E7987264A1F4C009BFE91 /* ProcessListItem.m in Sources */ = {isa = PBXBuildFile; fileRef = 3D8E7986264A1F4C009BFE91 /* ProcessListItem.m */; };
		3DF6EF5D264CB0B200D7CF63 /* ProcessList.m in Sources */ = {isa = PBXBuildFile; fileRef = 3DF6EF5C264CB0B200D7CF63 /* ProcessList.m */; };
/* End PBXBuildFile section */

/* Begin PBXContainerItemProxy section */
		3D8E79602649FF77009BFE91 /* PBXContainerItemProxy */ = {
			isa = PBXContainerItemProxy;
			containerPortal = 3D8E79442649FF74009BFE91 /* Project object */;
			proxyType = 1;
			remoteGlobalIDString = 3D8E794B2649FF75009BFE91;
			remoteInfo = ProcessList;
		};
		3D8E796B2649FF77009BFE91 /* PBXContainerItemProxy */ = {
			isa = PBXContainerItemProxy;
			containerPortal = 3D8E79442649FF74009BFE91 /* Project object */;
			proxyType = 1;
			remoteGlobalIDString = 3D8E794B2649FF75009BFE91;
			remoteInfo = ProcessList;
		};
/* End PBXContainerItemProxy section */

/* Begin PBXFileReference section */
		3D8E794C2649FF75009BFE91 /* ProcessList.app */ = {isa = PBXFileReference; explicitFileType = wrapper.application; includeInIndex = 0; path = ProcessList.app; sourceTree = BUILT_PRODUCTS_DIR; };
		3D8E794F2649FF75009BFE91 /* AppDelegate.h */ = {isa = PBXFileReference; lastKnownFileType = sourcecode.c.h; path = AppDelegate.h; sourceTree = "<group>"; };
		3D8E79502649FF75009BFE91 /* AppDelegate.m */ = {isa = PBXFileReference; lastKnownFileType = sourcecode.c.objc; path = AppDelegate.m; sourceTree = "<group>"; };
		3D8E79522649FF77009BFE91 /* Assets.xcassets */ = {isa = PBXFileReference; lastKnownFileType = folder.assetcatalog; path = Assets.xcassets; sourceTree = "<group>"; };
		3D8E79552649FF77009BFE91 /* Base */ = {isa = PBXFileReference; lastKnownFileType = file.xib; name = Base; path = Base.lproj/MainMenu.xib; sourceTree = "<group>"; };
		3D8E79572649FF77009BFE91 /* Info.plist */ = {isa = PBXFileReference; lastKnownFileType = text.plist.xml; path = Info.plist; sourceTree = "<group>"; };
		3D8E79582649FF77009BFE91 /* main.m */ = {isa = PBXFileReference; lastKnownFileType = sourcecode.c.objc; path = main.m; sourceTree = "<group>"; };
		3D8E795A2649FF77009BFE91 /* ProcessList.entitlements */ = {isa = PBXFileReference; lastKnownFileType = text.plist.entitlements; path = ProcessList.entitlements; sourceTree = "<group>"; };
		3D8E795F2649FF77009BFE91 /* ProcessListTests.xctest */ = {isa = PBXFileReference; explicitFileType = wrapper.cfbundle; includeInIndex = 0; path = ProcessListTests.xctest; sourceTree = BUILT_PRODUCTS_DIR; };
		3D8E79632649FF77009BFE91 /* ProcessListTests.m */ = {isa = PBXFileReference; lastKnownFileType = sourcecode.c.objc; path = ProcessListTests.m; sourceTree = "<group>"; };
		3D8E79652649FF77009BFE91 /* Info.plist */ = {isa = PBXFileReference; lastKnownFileType = text.plist.xml; path = Info.plist; sourceTree = "<group>"; };
		3D8E796A2649FF77009BFE91 /* ProcessListUITests.xctest */ = {isa = PBXFileReference; explicitFileType = wrapper.cfbundle; includeInIndex = 0; path = ProcessListUITests.xctest; sourceTree = BUILT_PRODUCTS_DIR; };
		3D8E796E2649FF77009BFE91 /* ProcessListUITests.m */ = {isa = PBXFileReference; lastKnownFileType = sourcecode.c.objc; path = ProcessListUITests.m; sourceTree = "<group>"; };
		3D8E79702649FF77009BFE91 /* Info.plist */ = {isa = PBXFileReference; lastKnownFileType = text.plist.xml; path = Info.plist; sourceTree = "<group>"; };
		3D8E7985264A1F4C009BFE91 /* ProcessListItem.h */ = {isa = PBXFileReference; lastKnownFileType = sourcecode.c.h; path = ProcessListItem.h; sourceTree = "<group>"; };
		3D8E7986264A1F4C009BFE91 /* ProcessListItem.m */ = {isa = PBXFileReference; lastKnownFileType = sourcecode.c.objc; path = ProcessListItem.m; sourceTree = "<group>"; };
		3DF6EF5B264CB0B200D7CF63 /* ProcessList.h */ = {isa = PBXFileReference; lastKnownFileType = sourcecode.c.h; path = ProcessList.h; sourceTree = "<group>"; };
		3DF6EF5C264CB0B200D7CF63 /* ProcessList.m */ = {isa = PBXFileReference; lastKnownFileType = sourcecode.c.objc; path = ProcessList.m; sourceTree = "<group>"; };
/* End PBXFileReference section */

/* Begin PBXFrameworksBuildPhase section */
		3D8E79492649FF75009BFE91 /* Frameworks */ = {
			isa = PBXFrameworksBuildPhase;
			buildActionMask = 2147483647;
			files = (
			);
			runOnlyForDeploymentPostprocessing = 0;
		};
		3D8E795C2649FF77009BFE91 /* Frameworks */ = {
			isa = PBXFrameworksBuildPhase;
			buildActionMask = 2147483647;
			files = (
			);
			runOnlyForDeploymentPostprocessing = 0;
		};
		3D8E79672649FF77009BFE91 /* Frameworks */ = {
			isa = PBXFrameworksBuildPhase;
			buildActionMask = 2147483647;
			files = (
			);
			runOnlyForDeploymentPostprocessing = 0;
		};
/* End PBXFrameworksBuildPhase section */

/* Begin PBXGroup section */
		3D8E79432649FF74009BFE91 = {
			isa = PBXGroup;
			children = (
				3D8E794E2649FF75009BFE91 /* ProcessList */,
				3D8E79622649FF77009BFE91 /* ProcessListTests */,
				3D8E796D2649FF77009BFE91 /* ProcessListUITests */,
				3D8E794D2649FF75009BFE91 /* Products */,
				3DF6F716264BC01800C4D91A /* Frameworks */,
			);
			sourceTree = "<group>";
		};
		3D8E794D2649FF75009BFE91 /* Products */ = {
			isa = PBXGroup;
			children = (
				3D8E794C2649FF75009BFE91 /* ProcessList.app */,
				3D8E795F2649FF77009BFE91 /* ProcessListTests.xctest */,
				3D8E796A2649FF77009BFE91 /* ProcessListUITests.xctest */,
			);
			name = Products;
			sourceTree = "<group>";
		};
		3D8E794E2649FF75009BFE91 /* ProcessList */ = {
			isa = PBXGroup;
			children = (
				3D8E794F2649FF75009BFE91 /* AppDelegate.h */,
				3D8E79502649FF75009BFE91 /* AppDelegate.m */,
				3D8E79522649FF77009BFE91 /* Assets.xcassets */,
				3D8E79542649FF77009BFE91 /* MainMenu.xib */,
				3D8E79572649FF77009BFE91 /* Info.plist */,
				3D8E79582649FF77009BFE91 /* main.m */,
				3D8E795A2649FF77009BFE91 /* ProcessList.entitlements */,
				3D8E7985264A1F4C009BFE91 /* ProcessListItem.h */,
				3D8E7986264A1F4C009BFE91 /* ProcessListItem.m */,
				3DF6EF5B264CB0B200D7CF63 /* ProcessList.h */,
				3DF6EF5C264CB0B200D7CF63 /* ProcessList.m */,
			);
			path = ProcessList;
			sourceTree = "<group>";
		};
		3D8E79622649FF77009BFE91 /* ProcessListTests */ = {
			isa = PBXGroup;
			children = (
				3D8E79632649FF77009BFE91 /* ProcessListTests.m */,
				3D8E79652649FF77009BFE91 /* Info.plist */,
			);
			path = ProcessListTests;
			sourceTree = "<group>";
		};
		3D8E796D2649FF77009BFE91 /* ProcessListUITests */ = {
			isa = PBXGroup;
			children = (
				3D8E796E2649FF77009BFE91 /* ProcessListUITests.m */,
				3D8E79702649FF77009BFE91 /* Info.plist */,
			);
			path = ProcessListUITests;
			sourceTree = "<group>";
		};
		3DF6F716264BC01800C4D91A /* Frameworks */ = {
			isa = PBXGroup;
			children = (
			);
			name = Frameworks;
			sourceTree = "<group>";
		};
/* End PBXGroup section */

/* Begin PBXNativeTarget section */
		3D8E794B2649FF75009BFE91 /* ProcessList */ = {
			isa = PBXNativeTarget;
			buildConfigurationList = 3D8E79732649FF77009BFE91 /* Build configuration list for PBXNativeTarget "ProcessList" */;
			buildPhases = (
				3D8E79482649FF75009BFE91 /* Sources */,
				3D8E79492649FF75009BFE91 /* Frameworks */,
				3D8E794A2649FF75009BFE91 /* Resources */,
			);
			buildRules = (
			);
			dependencies = (
			);
			name = ProcessList;
			productName = ProcessList;
			productReference = 3D8E794C2649FF75009BFE91 /* ProcessList.app */;
			productType = "com.apple.product-type.application";
		};
		3D8E795E2649FF77009BFE91 /* ProcessListTests */ = {
			isa = PBXNativeTarget;
			buildConfigurationList = 3D8E79762649FF77009BFE91 /* Build configuration list for PBXNativeTarget "ProcessListTests" */;
			buildPhases = (
				3D8E795B2649FF77009BFE91 /* Sources */,
				3D8E795C2649FF77009BFE91 /* Frameworks */,
				3D8E795D2649FF77009BFE91 /* Resources */,
			);
			buildRules = (
			);
			dependencies = (
				3D8E79612649FF77009BFE91 /* PBXTargetDependency */,
			);
			name = ProcessListTests;
			productName = ProcessListTests;
			productReference = 3D8E795F2649FF77009BFE91 /* ProcessListTests.xctest */;
			productType = "com.apple.product-type.bundle.unit-test";
		};
		3D8E79692649FF77009BFE91 /* ProcessListUITests */ = {
			isa = PBXNativeTarget;
			buildConfigurationList = 3D8E79792649FF77009BFE91 /* Build configuration list for PBXNativeTarget "ProcessListUITests" */;
			buildPhases = (
				3D8E79662649FF77009BFE91 /* Sources */,
				3D8E79672649FF77009BFE91 /* Frameworks */,
				3D8E79682649FF77009BFE91 /* Resources */,
			);
			buildRules = (
			);
			dependencies = (
				3D8E796C2649FF77009BFE91 /* PBXTargetDependency */,
			);
			name = ProcessListUITests;
			productName = ProcessListUITests;
			productReference = 3D8E796A2649FF77009BFE91 /* ProcessListUITests.xctest */;
			productType = "com.apple.product-type.bundle.ui-testing";
		};
/* End PBXNativeTarget section */

/* Begin PBXProject section */
		3D8E79442649FF74009BFE91 /* Project object */ = {
			isa = PBXProject;
			attributes = {
				LastUpgradeCheck = 1230;
				TargetAttributes = {
					3D8E794B2649FF75009BFE91 = {
						CreatedOnToolsVersion = 12.3;
					};
					3D8E795E2649FF77009BFE91 = {
						CreatedOnToolsVersion = 12.3;
						TestTargetID = 3D8E794B2649FF75009BFE91;
					};
					3D8E79692649FF77009BFE91 = {
						CreatedOnToolsVersion = 12.3;
						TestTargetID = 3D8E794B2649FF75009BFE91;
					};
				};
			};
			buildConfigurationList = 3D8E79472649FF74009BFE91 /* Build configuration list for PBXProject "ProcessList" */;
			compatibilityVersion = "Xcode 9.3";
			developmentRegion = en;
			hasScannedForEncodings = 0;
			knownRegions = (
				en,
				Base,
			);
			mainGroup = 3D8E79432649FF74009BFE91;
			productRefGroup = 3D8E794D2649FF75009BFE91 /* Products */;
			projectDirPath = "";
			projectRoot = "";
			targets = (
				3D8E794B2649FF75009BFE91 /* ProcessList */,
				3D8E795E2649FF77009BFE91 /* ProcessListTests */,
				3D8E79692649FF77009BFE91 /* ProcessListUITests */,
			);
		};
/* End PBXProject section */

/* Begin PBXResourcesBuildPhase section */
		3D8E794A2649FF75009BFE91 /* Resources */ = {
			isa = PBXResourcesBuildPhase;
			buildActionMask = 2147483647;
			files = (
				3D8E79532649FF77009BFE91 /* Assets.xcassets in Resources */,
				3D8E79562649FF77009BFE91 /* MainMenu.xib in Resources */,
			);
			runOnlyForDeploymentPostprocessing = 0;
		};
		3D8E795D2649FF77009BFE91 /* Resources */ = {
			isa = PBXResourcesBuildPhase;
			buildActionMask = 2147483647;
			files = (
			);
			runOnlyForDeploymentPostprocessing = 0;
		};
		3D8E79682649FF77009BFE91 /* Resources */ = {
			isa = PBXResourcesBuildPhase;
			buildActionMask = 2147483647;
			files = (
			);
			runOnlyForDeploymentPostprocessing = 0;
		};
/* End PBXResourcesBuildPhase section */

/* Begin PBXSourcesBuildPhase section */
		3D8E79482649FF75009BFE91 /* Sources */ = {
			isa = PBXSourcesBuildPhase;
			buildActionMask = 2147483647;
			files = (
				3D8E79592649FF77009BFE91 /* main.m in Sources */,
				3D8E79512649FF75009BFE91 /* AppDelegate.m in Sources */,
				3D8E7987264A1F4C009BFE91 /* ProcessListItem.m in Sources */,
				3DF6EF5D264CB0B200D7CF63 /* ProcessList.m in Sources */,
			);
			runOnlyForDeploymentPostprocessing = 0;
		};
		3D8E795B2649FF77009BFE91 /* Sources */ = {
			isa = PBXSourcesBuildPhase;
			buildActionMask = 2147483647;
			files = (
				3D8E79642649FF77009BFE91 /* ProcessListTests.m in Sources */,
			);
			runOnlyForDeploymentPostprocessing = 0;
		};
		3D8E79662649FF77009BFE91 /* Sources */ = {
			isa = PBXSourcesBuildPhase;
			buildActionMask = 2147483647;
			files = (
				3D8E796F2649FF77009BFE91 /* ProcessListUITests.m in Sources */,
			);
			runOnlyForDeploymentPostprocessing = 0;
		};
/* End PBXSourcesBuildPhase section */

/* Begin PBXTargetDependency section */
		3D8E79612649FF77009BFE91 /* PBXTargetDependency */ = {
			isa = PBXTargetDependency;
			target = 3D8E794B2649FF75009BFE91 /* ProcessList */;
			targetProxy = 3D8E79602649FF77009BFE91 /* PBXContainerItemProxy */;
		};
		3D8E796C2649FF77009BFE91 /* PBXTargetDependency */ = {
			isa = PBXTargetDependency;
			target = 3D8E794B2649FF75009BFE91 /* ProcessList */;
			targetProxy = 3D8E796B2649FF77009BFE91 /* PBXContainerItemProxy */;
		};
/* End PBXTargetDependency section */

/* Begin PBXVariantGroup section */
		3D8E79542649FF77009BFE91 /* MainMenu.xib */ = {
			isa = PBXVariantGroup;
			children = (
				3D8E79552649FF77009BFE91 /* Base */,
			);
			name = MainMenu.xib;
			sourceTree = "<group>";
		};
/* End PBXVariantGroup section */

/* Begin XCBuildConfiguration section */
		3D8E79712649FF77009BFE91 /* Debug */ = {
			isa = XCBuildConfiguration;
			buildSettings = {
				ALWAYS_SEARCH_USER_PATHS = NO;
				CLANG_ANALYZER_NONNULL = YES;
				CLANG_ANALYZER_NUMBER_OBJECT_CONVERSION = YES_AGGRESSIVE;
				CLANG_CXX_LANGUAGE_STANDARD = "gnu++14";
				CLANG_CXX_LIBRARY = "libc++";
				CLANG_ENABLE_MODULES = YES;
				CLANG_ENABLE_OBJC_ARC = YES;
				CLANG_ENABLE_OBJC_WEAK = YES;
				CLANG_WARN_BLOCK_CAPTURE_AUTORELEASING = YES;
				CLANG_WARN_BOOL_CONVERSION = YES;
				CLANG_WARN_COMMA = YES;
				CLANG_WARN_CONSTANT_CONVERSION = YES;
				CLANG_WARN_DEPRECATED_OBJC_IMPLEMENTATIONS = YES;
				CLANG_WARN_DIRECT_OBJC_ISA_USAGE = YES_ERROR;
				CLANG_WARN_DOCUMENTATION_COMMENTS = YES;
				CLANG_WARN_EMPTY_BODY = YES;
				CLANG_WARN_ENUM_CONVERSION = YES;
				CLANG_WARN_INFINITE_RECURSION = YES;
				CLANG_WARN_INT_CONVERSION = YES;
				CLANG_WARN_NON_LITERAL_NULL_CONVERSION = YES;
				CLANG_WARN_OBJC_IMPLICIT_RETAIN_SELF = YES;
				CLANG_WARN_OBJC_LITERAL_CONVERSION = YES;
				CLANG_WARN_OBJC_ROOT_CLASS = YES_ERROR;
				CLANG_WARN_QUOTED_INCLUDE_IN_FRAMEWORK_HEADER = YES;
				CLANG_WARN_RANGE_LOOP_ANALYSIS = YES;
				CLANG_WARN_STRICT_PROTOTYPES = YES;
				CLANG_WARN_SUSPICIOUS_MOVE = YES;
				CLANG_WARN_UNGUARDED_AVAILABILITY = YES_AGGRESSIVE;
				CLANG_WARN_UNREACHABLE_CODE = YES;
				CLANG_WARN__DUPLICATE_METHOD_MATCH = YES;
				COPY_PHASE_STRIP = NO;
				DEBUG_INFORMATION_FORMAT = dwarf;
				ENABLE_STRICT_OBJC_MSGSEND = YES;
				ENABLE_TESTABILITY = YES;
				GCC_C_LANGUAGE_STANDARD = gnu11;
				GCC_DYNAMIC_NO_PIC = NO;
				GCC_NO_COMMON_BLOCKS = YES;
				GCC_OPTIMIZATION_LEVEL = 0;
				GCC_PREPROCESSOR_DEFINITIONS = (
					"DEBUG=1",
					"$(inherited)",
				);
				GCC_WARN_64_TO_32_BIT_CONVERSION = YES;
				GCC_WARN_ABOUT_RETURN_TYPE = YES_ERROR;
				GCC_WARN_UNDECLARED_SELECTOR = YES;
				GCC_WARN_UNINITIALIZED_AUTOS = YES_AGGRESSIVE;
				GCC_WARN_UNUSED_FUNCTION = YES;
				GCC_WARN_UNUSED_VARIABLE = YES;
				MACOSX_DEPLOYMENT_TARGET = 11.1;
				MTL_ENABLE_DEBUG_INFO = INCLUDE_SOURCE;
				MTL_FAST_MATH = YES;
				ONLY_ACTIVE_ARCH = YES;
				SDKROOT = macosx;
			};
			name = Debug;
		};
		3D8E79722649FF77009BFE91 /* Release */ = {
			isa = XCBuildConfiguration;
			buildSettings = {
				ALWAYS_SEARCH_USER_PATHS = NO;
				CLANG_ANALYZER_NONNULL = YES;
				CLANG_ANALYZER_NUMBER_OBJECT_CONVERSION = YES_AGGRESSIVE;
				CLANG_CXX_LANGUAGE_STANDARD = "gnu++14";
				CLANG_CXX_LIBRARY = "libc++";
				CLANG_ENABLE_MODULES = YES;
				CLANG_ENABLE_OBJC_ARC = YES;
				CLANG_ENABLE_OBJC_WEAK = YES;
				CLANG_WARN_BLOCK_CAPTURE_AUTORELEASING = YES;
				CLANG_WARN_BOOL_CONVERSION = YES;
				CLANG_WARN_COMMA = YES;
				CLANG_WARN_CONSTANT_CONVERSION = YES;
				CLANG_WARN_DEPRECATED_OBJC_IMPLEMENTATIONS = YES;
				CLANG_WARN_DIRECT_OBJC_ISA_USAGE = YES_ERROR;
				CLANG_WARN_DOCUMENTATION_COMMENTS = YES;
				CLANG_WARN_EMPTY_BODY = YES;
				CLANG_WARN_ENUM_CONVERSION = YES;
				CLANG_WARN_INFINITE_RECURSION = YES;
				CLANG_WARN_INT_CONVERSION = YES;
				CLANG_WARN_NON_LITERAL_NULL_CONVERSION = YES;
				CLANG_WARN_OBJC_IMPLICIT_RETAIN_SELF = YES;
				CLANG_WARN_OBJC_LITERAL_CONVERSION = YES;
				CLANG_WARN_OBJC_ROOT_CLASS = YES_ERROR;
				CLANG_WARN_QUOTED_INCLUDE_IN_FRAMEWORK_HEADER = YES;
				CLANG_WARN_RANGE_LOOP_ANALYSIS = YES;
				CLANG_WARN_STRICT_PROTOTYPES = YES;
				CLANG_WARN_SUSPICIOUS_MOVE = YES;
				CLANG_WARN_UNGUARDED_AVAILABILITY = YES_AGGRESSIVE;
				CLANG_WARN_UNREACHABLE_CODE = YES;
				CLANG_WARN__DUPLICATE_METHOD_MATCH = YES;
				COPY_PHASE_STRIP = NO;
				DEBUG_INFORMATION_FORMAT = "dwarf-with-dsym";
				ENABLE_NS_ASSERTIONS = NO;
				ENABLE_STRICT_OBJC_MSGSEND = YES;
				GCC_C_LANGUAGE_STANDARD = gnu11;
				GCC_NO_COMMON_BLOCKS = YES;
				GCC_WARN_64_TO_32_BIT_CONVERSION = YES;
				GCC_WARN_ABOUT_RETURN_TYPE = YES_ERROR;
				GCC_WARN_UNDECLARED_SELECTOR = YES;
				GCC_WARN_UNINITIALIZED_AUTOS = YES_AGGRESSIVE;
				GCC_WARN_UNUSED_FUNCTION = YES;
				GCC_WARN_UNUSED_VARIABLE = YES;
				MACOSX_DEPLOYMENT_TARGET = 11.1;
				MTL_ENABLE_DEBUG_INFO = NO;
				MTL_FAST_MATH = YES;
				SDKROOT = macosx;
			};
			name = Release;
		};
		3D8E79742649FF77009BFE91 /* Debug */ = {
			isa = XCBuildConfiguration;
			buildSettings = {
				ASSETCATALOG_COMPILER_APPICON_NAME = AppIcon;
				ASSETCATALOG_COMPILER_GLOBAL_ACCENT_COLOR_NAME = AccentColor;
				CODE_SIGN_ENTITLEMENTS = ProcessList/ProcessList.entitlements;
				CODE_SIGN_STYLE = Automatic;
				COMBINE_HIDPI_IMAGES = YES;
				DEVELOPMENT_TEAM = DDSAX646CJ;
				ENABLE_HARDENED_RUNTIME = YES;
				INFOPLIST_FILE = ProcessList/Info.plist;
				LD_RUNPATH_SEARCH_PATHS = (
					"$(inherited)",
					"@executable_path/../Frameworks",
				);
				LIBRARY_SEARCH_PATHS = (
					"$(inherited)",
					"$(PROJECT_DIR)/ProcessList",
					"$(PROJECT_DIR)",
				);
				PRODUCT_BUNDLE_IDENTIFIER = hypark.ProcessList;
				PRODUCT_NAME = "$(TARGET_NAME)";
			};
			name = Debug;
		};
		3D8E79752649FF77009BFE91 /* Release */ = {
			isa = XCBuildConfiguration;
			buildSettings = {
				ASSETCATALOG_COMPILER_APPICON_NAME = AppIcon;
				ASSETCATALOG_COMPILER_GLOBAL_ACCENT_COLOR_NAME = AccentColor;
				CODE_SIGN_ENTITLEMENTS = ProcessList/ProcessList.entitlements;
				CODE_SIGN_STYLE = Automatic;
				COMBINE_HIDPI_IMAGES = YES;
				DEVELOPMENT_TEAM = DDSAX646CJ;
				ENABLE_HARDENED_RUNTIME = YES;
				INFOPLIST_FILE = ProcessList/Info.plist;
				LD_RUNPATH_SEARCH_PATHS = (
					"$(inherited)",
					"@executable_path/../Frameworks",
				);
				LIBRARY_SEARCH_PATHS = (
					"$(inherited)",
					"$(PROJECT_DIR)/ProcessList",
					"$(PROJECT_DIR)",
				);
				PRODUCT_BUNDLE_IDENTIFIER = hypark.ProcessList;
				PRODUCT_NAME = "$(TARGET_NAME)";
			};
			name = Release;
		};
		3D8E79772649FF77009BFE91 /* Debug */ = {
			isa = XCBuildConfiguration;
			buildSettings = {
				BUNDLE_LOADER = "$(TEST_HOST)";
				CODE_SIGN_STYLE = Automatic;
				COMBINE_HIDPI_IMAGES = YES;
				DEVELOPMENT_TEAM = DDSAX646CJ;
				INFOPLIST_FILE = ProcessListTests/Info.plist;
				LD_RUNPATH_SEARCH_PATHS = (
					"$(inherited)",
					"@executable_path/../Frameworks",
					"@loader_path/../Frameworks",
				);
				MACOSX_DEPLOYMENT_TARGET = 11.1;
				PRODUCT_BUNDLE_IDENTIFIER = hypark.ProcessListTests;
				PRODUCT_NAME = "$(TARGET_NAME)";
				TEST_HOST = "$(BUILT_PRODUCTS_DIR)/ProcessList.app/Contents/MacOS/ProcessList";
			};
			name = Debug;
		};
		3D8E79782649FF77009BFE91 /* Release */ = {
			isa = XCBuildConfiguration;
			buildSettings = {
				BUNDLE_LOADER = "$(TEST_HOST)";
				CODE_SIGN_STYLE = Automatic;
				COMBINE_HIDPI_IMAGES = YES;
				DEVELOPMENT_TEAM = DDSAX646CJ;
				INFOPLIST_FILE = ProcessListTests/Info.plist;
				LD_RUNPATH_SEARCH_PATHS = (
					"$(inherited)",
					"@executable_path/../Frameworks",
					"@loader_path/../Frameworks",
				);
				MACOSX_DEPLOYMENT_TARGET = 11.1;
				PRODUCT_BUNDLE_IDENTIFIER = hypark.ProcessListTests;
				PRODUCT_NAME = "$(TARGET_NAME)";
				TEST_HOST = "$(BUILT_PRODUCTS_DIR)/ProcessList.app/Contents/MacOS/ProcessList";
			};
			name = Release;
		};
		3D8E797A2649FF77009BFE91 /* Debug */ = {
			isa = XCBuildConfiguration;
			buildSettings = {
				CODE_SIGN_STYLE = Automatic;
				COMBINE_HIDPI_IMAGES = YES;
				DEVELOPMENT_TEAM = DDSAX646CJ;
				INFOPLIST_FILE = ProcessListUITests/Info.plist;
				LD_RUNPATH_SEARCH_PATHS = (
					"$(inherited)",
					"@executable_path/../Frameworks",
					"@loader_path/../Frameworks",
				);
				PRODUCT_BUNDLE_IDENTIFIER = hypark.ProcessListUITests;
				PRODUCT_NAME = "$(TARGET_NAME)";
				TEST_TARGET_NAME = ProcessList;
			};
			name = Debug;
		};
		3D8E797B2649FF77009BFE91 /* Release */ = {
			isa = XCBuildConfiguration;
			buildSettings = {
				CODE_SIGN_STYLE = Automatic;
				COMBINE_HIDPI_IMAGES = YES;
				DEVELOPMENT_TEAM = DDSAX646CJ;
				INFOPLIST_FILE = ProcessListUITests/Info.plist;
				LD_RUNPATH_SEARCH_PATHS = (
					"$(inherited)",
					"@executable_path/../Frameworks",
					"@loader_path/../Frameworks",
				);
				PRODUCT_BUNDLE_IDENTIFIER = hypark.ProcessListUITests;
				PRODUCT_NAME = "$(TARGET_NAME)";
				TEST_TARGET_NAME = ProcessList;
			};
			name = Release;
		};
/* End XCBuildConfiguration section */

/* Begin XCConfigurationList section */
		3D8E79472649FF74009BFE91 /* Build configuration list for PBXProject "ProcessList" */ = {
			isa = XCConfigurationList;
			buildConfigurations = (
				3D8E79712649FF77009BFE91 /* Debug */,
				3D8E79722649FF77009BFE91 /* Release */,
			);
			defaultConfigurationIsVisible = 0;
			defaultConfigurationName = Release;
		};
		3D8E79732649FF77009BFE91 /* Build configuration list for PBXNativeTarget "ProcessList" */ = {
			isa = XCConfigurationList;
			buildConfigurations = (
				3D8E79742649FF77009BFE91 /* Debug */,
				3D8E79752649FF77009BFE91 /* Release */,
			);
			defaultConfigurationIsVisible = 0;
			defaultConfigurationName = Release;
		};
		3D8E79762649FF77009BFE91 /* Build configuration list for PBXNativeTarget "ProcessListTests" */ = {
			isa = XCConfigurationList;
			buildConfigurations = (
				3D8E79772649FF77009BFE91 /* Debug */,
				3D8E79782649FF77009BFE91 /* Release */,
			);
			defaultConfigurationIsVisible = 0;
			defaultConfigurationName = Release;
		};
		3D8E79792649FF77009BFE91 /* Build configuration list for PBXNativeTarget "ProcessListUITests" */ = {
			isa = XCConfigurationList;
			buildConfigurations = (
				3D8E797A2649FF77009BFE91 /* Debug */,
				3D8E797B2649FF77009BFE91 /* Release */,
			);
			defaultConfigurationIsVisible = 0;
			defaultConfigurationName = Release;
		};
/* End XCConfigurationList section */
	};
	rootObject = 3D8E79442649FF74009BFE91 /* Project object */;
}
